
Microsoft Visual Studio Solution File, Format Version 12.00
# Visual Studio 2013
VisualStudioVersion = 12.0.30723.0
MinimumVisualStudioVersion = 10.0.40219.1
Project("{8BC9CEB8-8B4A-11D0-8D11-00A0C91BC942}") = "Testing", "Testing\Testing.vcxproj", "{2B49B3F8-5A23-4BC3-8A77-189C0B2B9671}"
	ProjectSection(ProjectDependencies) = postProject
		{F93412E1-E685-4368-B8D1-49FD567FD27B} = {F93412E1-E685-4368-B8D1-49FD567FD27B}
	EndProjectSection
EndProject
Project("{8BC9CEB8-8B4A-11D0-8D11-00A0C91BC942}") = "Step3", "Step3\Step3.vcxproj", "{F93412E1-E685-4368-B8D1-49FD567FD27B}"
EndProject
Global
	GlobalSection(SolutionConfigurationPlatforms) = preSolution
		Debug|Win32 = Debug|Win32
		Release|Win32 = Release|Win32
	EndGlobalSection
	GlobalSection(ProjectConfigurationPlatforms) = postSolution
		{2B49B3F8-5A23-4BC3-8A77-189C0B2B9671}.Debug|Win32.ActiveCfg = Debug|Win32
		{2B49B3F8-5A23-4BC3-8A77-189C0B2B9671}.Debug|Win32.Build.0 = Debug|Win32
		{2B49B3F8-5A23-4BC3-8A77-189C0B2B9671}.Release|Win32.ActiveCfg = Release|Win32
		{2B49B3F8-5A23-4BC3-8A77-189C0B2B9671}.Release|Win32.Build.0 = Release|Win32
		{F93412E1-E685-4368-B8D1-49FD567FD27B}.Debug|Win32.ActiveCfg = Debug|Win32
		{F93412E1-E685-4368-B8D1-49FD567FD27B}.Debug|Win32.Build.0 = Debug|Win32
		{F93412E1-E685-4368-B8D1-49FD567FD27B}.Release|Win32.ActiveCfg = Release|Win32
		{F93412E1-E685-4368-B8D1-49FD567FD27B}.Release|Win32.Build.0 = Release|Win32
	EndGlobalSection
	GlobalSection(SolutionProperties) = preSolution
		HideSolutionNode = FALSE
	EndGlobalSection
EndGlobal
